
Microsoft Visual Studio Solution File, Format Version 12.00
# Visual Studio Version 16
VisualStudioVersion = 16.0.31702.278
MinimumVisualStudioVersion = 10.0.40219.1
Project("{FAE04EC0-301F-11D3-BF4B-00C04F79EFBC}") = "Prikol", "Prikol.csproj", "{DB3BAB5B-613A-42B2-A634-79BC410F837B}"
EndProject
Global
	GlobalSection(SolutionConfigurationPlatforms) = preSolution
		Debug|Any CPU = Debug|Any CPU
		Release|Any CPU = Release|Any CPU
	EndGlobalSection
	GlobalSection(ProjectConfigurationPlatforms) = postSolution
		{DB3BAB5B-613A-42B2-A634-79BC410F837B}.Debug|Any CPU.ActiveCfg = Debug|Any CPU
		{DB3BAB5B-613A-42B2-A634-79BC410F837B}.Debug|Any CPU.Build.0 = Debug|Any CPU
		{DB3BAB5B-613A-42B2-A634-79BC410F837B}.Release|Any CPU.ActiveCfg = Release|Any CPU
		{DB3BAB5B-613A-42B2-A634-79BC410F837B}.Release|Any CPU.Build.0 = Release|Any CPU
	EndGlobalSection
	GlobalSection(SolutionProperties) = preSolution
		HideSolutionNode = FALSE
	EndGlobalSection
	GlobalSection(ExtensibilityGlobals) = postSolution
		SolutionGuid = {4D259C01-FB19-4634-9EDF-59C1547CF98E}
	EndGlobalSection
EndGlobal
