
Microsoft Visual Studio Solution File, Format Version 12.00
# Visual Studio Version 17
VisualStudioVersion = 17.3.32929.385
MinimumVisualStudioVersion = 10.0.40219.1
Project("{9A19103F-16F7-4668-BE54-9A1E7A4F7556}") = "Kontrosha", "Kontrosha.csproj", "{AAD4AFF7-7052-419D-AC64-71C0E241BA15}"
EndProject
Project("{FAE04EC0-301F-11D3-BF4B-00C04F79EFBC}") = "Nikita", "..\Nikita\Nikita.csproj", "{F6EAD38F-1029-4567-B16A-61306FFDDA52}"
EndProject
Global
	GlobalSection(SolutionConfigurationPlatforms) = preSolution
		Debug|Any CPU = Debug|Any CPU
		Release|Any CPU = Release|Any CPU
	EndGlobalSection
	GlobalSection(ProjectConfigurationPlatforms) = postSolution
		{AAD4AFF7-7052-419D-AC64-71C0E241BA15}.Debug|Any CPU.ActiveCfg = Debug|Any CPU
		{AAD4AFF7-7052-419D-AC64-71C0E241BA15}.Debug|Any CPU.Build.0 = Debug|Any CPU
		{AAD4AFF7-7052-419D-AC64-71C0E241BA15}.Release|Any CPU.ActiveCfg = Release|Any CPU
		{AAD4AFF7-7052-419D-AC64-71C0E241BA15}.Release|Any CPU.Build.0 = Release|Any CPU
		{F6EAD38F-1029-4567-B16A-61306FFDDA52}.Debug|Any CPU.ActiveCfg = Debug|Any CPU
		{F6EAD38F-1029-4567-B16A-61306FFDDA52}.Debug|Any CPU.Build.0 = Debug|Any CPU
		{F6EAD38F-1029-4567-B16A-61306FFDDA52}.Release|Any CPU.ActiveCfg = Release|Any CPU
		{F6EAD38F-1029-4567-B16A-61306FFDDA52}.Release|Any CPU.Build.0 = Release|Any CPU
	EndGlobalSection
	GlobalSection(SolutionProperties) = preSolution
		HideSolutionNode = FALSE
	EndGlobalSection
	GlobalSection(ExtensibilityGlobals) = postSolution
		SolutionGuid = {267897A8-E450-417B-8833-073A2B4D0555}
	EndGlobalSection
EndGlobal
