
Microsoft Visual Studio Solution File, Format Version 12.00
# Visual Studio Version 17
VisualStudioVersion = 17.3.32929.385
MinimumVisualStudioVersion = 10.0.40219.1
Project("{FAE04EC0-301F-11D3-BF4B-00C04F79EFBC}") = "File_Stream_Work", "File_Stream_Work\File_Stream_Work.csproj", "{C1652224-8F0C-47DB-A225-6BCA1A68801F}"
EndProject
Global
	GlobalSection(SolutionConfigurationPlatforms) = preSolution
		Debug|Any CPU = Debug|Any CPU
		Release|Any CPU = Release|Any CPU
	EndGlobalSection
	GlobalSection(ProjectConfigurationPlatforms) = postSolution
		{C1652224-8F0C-47DB-A225-6BCA1A68801F}.Debug|Any CPU.ActiveCfg = Debug|Any CPU
		{C1652224-8F0C-47DB-A225-6BCA1A68801F}.Debug|Any CPU.Build.0 = Debug|Any CPU
		{C1652224-8F0C-47DB-A225-6BCA1A68801F}.Release|Any CPU.ActiveCfg = Release|Any CPU
		{C1652224-8F0C-47DB-A225-6BCA1A68801F}.Release|Any CPU.Build.0 = Release|Any CPU
	EndGlobalSection
	GlobalSection(SolutionProperties) = preSolution
		HideSolutionNode = FALSE
	EndGlobalSection
	GlobalSection(ExtensibilityGlobals) = postSolution
		SolutionGuid = {62125F06-EBD6-4D94-8009-56EC2F1D0AB7}
	EndGlobalSection
EndGlobal
