
Microsoft Visual Studio Solution File, Format Version 12.00
# Visual Studio Version 16
VisualStudioVersion = 16.0.31702.278
MinimumVisualStudioVersion = 10.0.40219.1
Project("{FAE04EC0-301F-11D3-BF4B-00C04F79EFBC}") = "Lab_6", "Lab_6.csproj", "{3016CAE7-0FCB-48F8-BF7F-63A20D43A39F}"
EndProject
Project("{FAE04EC0-301F-11D3-BF4B-00C04F79EFBC}") = "Lab_6performance", "..\Lab_4(выполнение)\Lab_6performance.csproj", "{FFD3A234-9E17-4BB8-9E60-B2AEA48A08B9}"
EndProject
Project("{FAE04EC0-301F-11D3-BF4B-00C04F79EFBC}") = "TEST", "..\TEST\TEST.csproj", "{EA500D45-BF85-4116-B917-49F0C08B8AAE}"
EndProject
Global
	GlobalSection(SolutionConfigurationPlatforms) = preSolution
		Debug|Any CPU = Debug|Any CPU
		Release|Any CPU = Release|Any CPU
	EndGlobalSection
	GlobalSection(ProjectConfigurationPlatforms) = postSolution
		{3016CAE7-0FCB-48F8-BF7F-63A20D43A39F}.Debug|Any CPU.ActiveCfg = Debug|Any CPU
		{3016CAE7-0FCB-48F8-BF7F-63A20D43A39F}.Debug|Any CPU.Build.0 = Debug|Any CPU
		{3016CAE7-0FCB-48F8-BF7F-63A20D43A39F}.Release|Any CPU.ActiveCfg = Release|Any CPU
		{3016CAE7-0FCB-48F8-BF7F-63A20D43A39F}.Release|Any CPU.Build.0 = Release|Any CPU
		{FFD3A234-9E17-4BB8-9E60-B2AEA48A08B9}.Debug|Any CPU.ActiveCfg = Debug|Any CPU
		{FFD3A234-9E17-4BB8-9E60-B2AEA48A08B9}.Debug|Any CPU.Build.0 = Debug|Any CPU
		{FFD3A234-9E17-4BB8-9E60-B2AEA48A08B9}.Release|Any CPU.ActiveCfg = Release|Any CPU
		{FFD3A234-9E17-4BB8-9E60-B2AEA48A08B9}.Release|Any CPU.Build.0 = Release|Any CPU
		{EA500D45-BF85-4116-B917-49F0C08B8AAE}.Debug|Any CPU.ActiveCfg = Debug|Any CPU
		{EA500D45-BF85-4116-B917-49F0C08B8AAE}.Debug|Any CPU.Build.0 = Debug|Any CPU
		{EA500D45-BF85-4116-B917-49F0C08B8AAE}.Release|Any CPU.ActiveCfg = Release|Any CPU
		{EA500D45-BF85-4116-B917-49F0C08B8AAE}.Release|Any CPU.Build.0 = Release|Any CPU
	EndGlobalSection
	GlobalSection(SolutionProperties) = preSolution
		HideSolutionNode = FALSE
	EndGlobalSection
	GlobalSection(ExtensibilityGlobals) = postSolution
		SolutionGuid = {79A11E85-5A82-4FAE-B8AA-F99F81A448F8}
	EndGlobalSection
EndGlobal
