
Microsoft Visual Studio Solution File, Format Version 12.00
# Visual Studio Version 16
VisualStudioVersion = 16.0.31702.278
MinimumVisualStudioVersion = 10.0.40219.1
Project("{FAE04EC0-301F-11D3-BF4B-00C04F79EFBC}") = "Lab_1", "Lab_1.csproj", "{7C7ECBD4-0D9B-424E-9CD1-962BC94726C2}"
EndProject
Project("{FAE04EC0-301F-11D3-BF4B-00C04F79EFBC}") = "Unsafe_Fixed", "..\Unsafe_Fixed\Unsafe_Fixed.csproj", "{021EA6B1-8A2C-4692-9E4E-12DD6B5E1AE2}"
EndProject
Project("{FAE04EC0-301F-11D3-BF4B-00C04F79EFBC}") = "TEST", "..\TEST\TEST.csproj", "{9A678DCF-3DE8-44EB-8057-EDFFD9D46C58}"
EndProject
Global
	GlobalSection(SolutionConfigurationPlatforms) = preSolution
		Debug|Any CPU = Debug|Any CPU
		Release|Any CPU = Release|Any CPU
	EndGlobalSection
	GlobalSection(ProjectConfigurationPlatforms) = postSolution
		{7C7ECBD4-0D9B-424E-9CD1-962BC94726C2}.Debug|Any CPU.ActiveCfg = Debug|Any CPU
		{7C7ECBD4-0D9B-424E-9CD1-962BC94726C2}.Debug|Any CPU.Build.0 = Debug|Any CPU
		{7C7ECBD4-0D9B-424E-9CD1-962BC94726C2}.Release|Any CPU.ActiveCfg = Release|Any CPU
		{7C7ECBD4-0D9B-424E-9CD1-962BC94726C2}.Release|Any CPU.Build.0 = Release|Any CPU
		{021EA6B1-8A2C-4692-9E4E-12DD6B5E1AE2}.Debug|Any CPU.ActiveCfg = Debug|Any CPU
		{021EA6B1-8A2C-4692-9E4E-12DD6B5E1AE2}.Debug|Any CPU.Build.0 = Debug|Any CPU
		{021EA6B1-8A2C-4692-9E4E-12DD6B5E1AE2}.Release|Any CPU.ActiveCfg = Release|Any CPU
		{021EA6B1-8A2C-4692-9E4E-12DD6B5E1AE2}.Release|Any CPU.Build.0 = Release|Any CPU
		{9A678DCF-3DE8-44EB-8057-EDFFD9D46C58}.Debug|Any CPU.ActiveCfg = Debug|Any CPU
		{9A678DCF-3DE8-44EB-8057-EDFFD9D46C58}.Debug|Any CPU.Build.0 = Debug|Any CPU
		{9A678DCF-3DE8-44EB-8057-EDFFD9D46C58}.Release|Any CPU.ActiveCfg = Release|Any CPU
		{9A678DCF-3DE8-44EB-8057-EDFFD9D46C58}.Release|Any CPU.Build.0 = Release|Any CPU
	EndGlobalSection
	GlobalSection(SolutionProperties) = preSolution
		HideSolutionNode = FALSE
	EndGlobalSection
	GlobalSection(ExtensibilityGlobals) = postSolution
		SolutionGuid = {45CDD81C-3F65-4DF9-84B1-593F2EC7C896}
	EndGlobalSection
EndGlobal
